// !$*UTF8*$!
{
	archiveVersion = 1;
	classes = {
	};
	objectVersion = 56;
	objects = {

/* Begin PBXBuildFile section */
		940732802BA13D27007E3E2A /* Backend.swift in Sources */ = {isa = PBXBuildFile; fileRef = 9407327F2BA13D27007E3E2A /* Backend.swift */; };
		940732822BA1532A007E3E2A /* InstructionNavigator.swift in Sources */ = {isa = PBXBuildFile; fileRef = 940732812BA1532A007E3E2A /* InstructionNavigator.swift */; };
		946AE4672B96FED700121A47 /* PreviewBuildingCard.swift in Sources */ = {isa = PBXBuildFile; fileRef = 946AE4662B96FED700121A47 /* PreviewBuildingCard.swift */; };
		9474FF582B8AC45D00C48C7A /* gophermaps_iosApp.swift in Sources */ = {isa = PBXBuildFile; fileRef = 9474FF572B8AC45D00C48C7A /* gophermaps_iosApp.swift */; };
		9474FF5A2B8AC45D00C48C7A /* ContentView.swift in Sources */ = {isa = PBXBuildFile; fileRef = 9474FF592B8AC45D00C48C7A /* ContentView.swift */; };
		9474FF5C2B8AC45F00C48C7A /* Assets.xcassets in Resources */ = {isa = PBXBuildFile; fileRef = 9474FF5B2B8AC45F00C48C7A /* Assets.xcassets */; };
		9474FF5F2B8AC45F00C48C7A /* Preview Assets.xcassets in Resources */ = {isa = PBXBuildFile; fileRef = 9474FF5E2B8AC45F00C48C7A /* Preview Assets.xcassets */; };
		947FBFC52BA2270F009D23DE /* tb1a-tb2a.md in Resources */ = {isa = PBXBuildFile; fileRef = 947FBFC32BA22175009D23DE /* tb1a-tb2a.md */; };
		947FBFC62BA22711009D23DE /* tb2a-tb3a.md in Resources */ = {isa = PBXBuildFile; fileRef = 947FBFC42BA221E5009D23DE /* tb2a-tb3a.md */; };
		94812A812B8E58920076C3F9 /* BuildingEntry.swift in Sources */ = {isa = PBXBuildFile; fileRef = 94812A802B8E58920076C3F9 /* BuildingEntry.swift */; };
		94812A832B8E5A220076C3F9 /* PreviewBuildingList.swift in Sources */ = {isa = PBXBuildFile; fileRef = 94812A822B8E5A220076C3F9 /* PreviewBuildingList.swift */; };
		94812A912B8FA5E30076C3F9 /* test-instructions-1.png in Resources */ = {isa = PBXBuildFile; fileRef = 94812A8E2B8FA5E30076C3F9 /* test-instructions-1.png */; };
		94812A922B8FA5E30076C3F9 /* test-instructions-2.png in Resources */ = {isa = PBXBuildFile; fileRef = 94812A8F2B8FA5E30076C3F9 /* test-instructions-2.png */; };
		94812A932B8FA5E30076C3F9 /* test-instructions.md in Resources */ = {isa = PBXBuildFile; fileRef = 94812A902B8FA5E30076C3F9 /* test-instructions.md */; };
		94812A962B8FA75B0076C3F9 /* MarkdownUI in Frameworks */ = {isa = PBXBuildFile; productRef = 94812A952B8FA75B0076C3F9 /* MarkdownUI */; };
		948BF0C92B915DC100A76429 /* PreviewNavRoute.swift in Sources */ = {isa = PBXBuildFile; fileRef = 948BF0C82B915DC100A76429 /* PreviewNavRoute.swift */; };
		9496B8B02BA80D3E00FEBFC3 /* DeveloperSettingsPage.swift in Sources */ = {isa = PBXBuildFile; fileRef = 9496B8AF2BA80D3E00FEBFC3 /* DeveloperSettingsPage.swift */; };
		949A22E22B90ECCE002B003C /* GraphNode.swift in Sources */ = {isa = PBXBuildFile; fileRef = 949A22E12B90ECCE002B003C /* GraphNode.swift */; };
		949A22E82B90F7D6002B003C /* RouteUtils.swift in Sources */ = {isa = PBXBuildFile; fileRef = 949A22E72B90F7D6002B003C /* RouteUtils.swift */; };
		949A22F02B90FBC9002B003C /* gophermaps_iosTests.swift in Sources */ = {isa = PBXBuildFile; fileRef = 949A22EF2B90FBC9002B003C /* gophermaps_iosTests.swift */; };
		949F52752B8D398600158803 /* MenuBuildingCard.swift in Sources */ = {isa = PBXBuildFile; fileRef = 949F52742B8D398600158803 /* MenuBuildingCard.swift */; };
		94D8B61C2BAC898100915F95 /* PathStepProtocol.swift in Sources */ = {isa = PBXBuildFile; fileRef = 94D8B61B2BAC898100915F95 /* PathStepProtocol.swift */; };
		94F4998A2BA12BFD007ED348 /* RouteGoButton.swift in Sources */ = {isa = PBXBuildFile; fileRef = 94F499892BA12BFD007ED348 /* RouteGoButton.swift */; };
		94F4BBAF2BA67C5200B7A800 /* SettingsPage.swift in Sources */ = {isa = PBXBuildFile; fileRef = 94F4BBAE2BA67C5200B7A800 /* SettingsPage.swift */; };
		94F7A27F2B8FDF0100FD6628 /* InstructionFileView.swift in Sources */ = {isa = PBXBuildFile; fileRef = 94F7A27E2B8FDF0100FD6628 /* InstructionFileView.swift */; };
		94F7A2812B9004AD00FD6628 /* RouteSteps.swift in Sources */ = {isa = PBXBuildFile; fileRef = 94F7A2802B9004AD00FD6628 /* RouteSteps.swift */; };
		94F7A2852B90052100FD6628 /* StartingPointSelect.swift in Sources */ = {isa = PBXBuildFile; fileRef = 94F7A2842B90052100FD6628 /* StartingPointSelect.swift */; };
		94F7A2872B90052800FD6628 /* DestinationSelect.swift in Sources */ = {isa = PBXBuildFile; fileRef = 94F7A2862B90052800FD6628 /* DestinationSelect.swift */; };
/* End PBXBuildFile section */

/* Begin PBXContainerItemProxy section */
		949A22F12B90FBC9002B003C /* PBXContainerItemProxy */ = {
			isa = PBXContainerItemProxy;
			containerPortal = 9474FF4C2B8AC45D00C48C7A /* Project object */;
			proxyType = 1;
			remoteGlobalIDString = 9474FF532B8AC45D00C48C7A;
			remoteInfo = "gophermaps-ios";
		};
/* End PBXContainerItemProxy section */

/* Begin PBXFileReference section */
		9407327F2BA13D27007E3E2A /* Backend.swift */ = {isa = PBXFileReference; lastKnownFileType = sourcecode.swift; path = Backend.swift; sourceTree = "<group>"; };
		940732812BA1532A007E3E2A /* InstructionNavigator.swift */ = {isa = PBXFileReference; lastKnownFileType = sourcecode.swift; path = InstructionNavigator.swift; sourceTree = "<group>"; };
		946AE4662B96FED700121A47 /* PreviewBuildingCard.swift */ = {isa = PBXFileReference; lastKnownFileType = sourcecode.swift; path = PreviewBuildingCard.swift; sourceTree = "<group>"; };
		9474FF542B8AC45D00C48C7A /* gophermaps-ios.app */ = {isa = PBXFileReference; explicitFileType = wrapper.application; includeInIndex = 0; path = "gophermaps-ios.app"; sourceTree = BUILT_PRODUCTS_DIR; };
		9474FF572B8AC45D00C48C7A /* gophermaps_iosApp.swift */ = {isa = PBXFileReference; lastKnownFileType = sourcecode.swift; path = gophermaps_iosApp.swift; sourceTree = "<group>"; };
		9474FF592B8AC45D00C48C7A /* ContentView.swift */ = {isa = PBXFileReference; lastKnownFileType = sourcecode.swift; path = ContentView.swift; sourceTree = "<group>"; };
		9474FF5B2B8AC45F00C48C7A /* Assets.xcassets */ = {isa = PBXFileReference; lastKnownFileType = folder.assetcatalog; path = Assets.xcassets; sourceTree = "<group>"; };
		9474FF5E2B8AC45F00C48C7A /* Preview Assets.xcassets */ = {isa = PBXFileReference; lastKnownFileType = folder.assetcatalog; path = "Preview Assets.xcassets"; sourceTree = "<group>"; };
		947FBFC32BA22175009D23DE /* tb1a-tb2a.md */ = {isa = PBXFileReference; lastKnownFileType = net.daringfireball.markdown; path = "tb1a-tb2a.md"; sourceTree = "<group>"; };
		947FBFC42BA221E5009D23DE /* tb2a-tb3a.md */ = {isa = PBXFileReference; lastKnownFileType = net.daringfireball.markdown; path = "tb2a-tb3a.md"; sourceTree = "<group>"; };
		94812A802B8E58920076C3F9 /* BuildingEntry.swift */ = {isa = PBXFileReference; lastKnownFileType = sourcecode.swift; path = BuildingEntry.swift; sourceTree = "<group>"; };
		94812A822B8E5A220076C3F9 /* PreviewBuildingList.swift */ = {isa = PBXFileReference; lastKnownFileType = sourcecode.swift; path = PreviewBuildingList.swift; sourceTree = "<group>"; };
		94812A8E2B8FA5E30076C3F9 /* test-instructions-1.png */ = {isa = PBXFileReference; lastKnownFileType = image.png; path = "test-instructions-1.png"; sourceTree = "<group>"; };
		94812A8F2B8FA5E30076C3F9 /* test-instructions-2.png */ = {isa = PBXFileReference; lastKnownFileType = image.png; path = "test-instructions-2.png"; sourceTree = "<group>"; };
		94812A902B8FA5E30076C3F9 /* test-instructions.md */ = {isa = PBXFileReference; fileEncoding = 4; lastKnownFileType = net.daringfireball.markdown; path = "test-instructions.md"; sourceTree = "<group>"; };
		948BF0C82B915DC100A76429 /* PreviewNavRoute.swift */ = {isa = PBXFileReference; lastKnownFileType = sourcecode.swift; path = PreviewNavRoute.swift; sourceTree = "<group>"; };
		9496B8AF2BA80D3E00FEBFC3 /* DeveloperSettingsPage.swift */ = {isa = PBXFileReference; lastKnownFileType = sourcecode.swift; path = DeveloperSettingsPage.swift; sourceTree = "<group>"; };
		949A22E12B90ECCE002B003C /* GraphNode.swift */ = {isa = PBXFileReference; lastKnownFileType = sourcecode.swift; path = GraphNode.swift; sourceTree = "<group>"; };
		949A22E72B90F7D6002B003C /* RouteUtils.swift */ = {isa = PBXFileReference; lastKnownFileType = sourcecode.swift; path = RouteUtils.swift; sourceTree = "<group>"; };
		949A22ED2B90FBC9002B003C /* gophermaps-iosTests.xctest */ = {isa = PBXFileReference; explicitFileType = wrapper.cfbundle; includeInIndex = 0; path = "gophermaps-iosTests.xctest"; sourceTree = BUILT_PRODUCTS_DIR; };
		949A22EF2B90FBC9002B003C /* gophermaps_iosTests.swift */ = {isa = PBXFileReference; lastKnownFileType = sourcecode.swift; path = gophermaps_iosTests.swift; sourceTree = "<group>"; };
		949F52742B8D398600158803 /* MenuBuildingCard.swift */ = {isa = PBXFileReference; lastKnownFileType = sourcecode.swift; path = MenuBuildingCard.swift; sourceTree = "<group>"; };
		94D8B61B2BAC898100915F95 /* PathStepProtocol.swift */ = {isa = PBXFileReference; lastKnownFileType = sourcecode.swift; path = PathStepProtocol.swift; sourceTree = "<group>"; };
		94DBB81C2BA8E80500F7AA6B /* Info.plist */ = {isa = PBXFileReference; lastKnownFileType = text.plist; path = Info.plist; sourceTree = "<group>"; };
		94F499892BA12BFD007ED348 /* RouteGoButton.swift */ = {isa = PBXFileReference; lastKnownFileType = sourcecode.swift; path = RouteGoButton.swift; sourceTree = "<group>"; };
		94F4BBAE2BA67C5200B7A800 /* SettingsPage.swift */ = {isa = PBXFileReference; lastKnownFileType = sourcecode.swift; path = SettingsPage.swift; sourceTree = "<group>"; };
		94F7A27E2B8FDF0100FD6628 /* InstructionFileView.swift */ = {isa = PBXFileReference; lastKnownFileType = sourcecode.swift; path = InstructionFileView.swift; sourceTree = "<group>"; };
		94F7A2802B9004AD00FD6628 /* RouteSteps.swift */ = {isa = PBXFileReference; lastKnownFileType = sourcecode.swift; path = RouteSteps.swift; sourceTree = "<group>"; };
		94F7A2842B90052100FD6628 /* StartingPointSelect.swift */ = {isa = PBXFileReference; lastKnownFileType = sourcecode.swift; path = StartingPointSelect.swift; sourceTree = "<group>"; };
		94F7A2862B90052800FD6628 /* DestinationSelect.swift */ = {isa = PBXFileReference; lastKnownFileType = sourcecode.swift; path = DestinationSelect.swift; sourceTree = "<group>"; };
/* End PBXFileReference section */

/* Begin PBXFrameworksBuildPhase section */
		9474FF512B8AC45D00C48C7A /* Frameworks */ = {
			isa = PBXFrameworksBuildPhase;
			buildActionMask = 2147483647;
			files = (
				94812A962B8FA75B0076C3F9 /* MarkdownUI in Frameworks */,
			);
			runOnlyForDeploymentPostprocessing = 0;
		};
		949A22EA2B90FBC9002B003C /* Frameworks */ = {
			isa = PBXFrameworksBuildPhase;
			buildActionMask = 2147483647;
			files = (
			);
			runOnlyForDeploymentPostprocessing = 0;
		};
/* End PBXFrameworksBuildPhase section */

/* Begin PBXGroup section */
		9411AD562B906268006E7FB4 /* Utils */ = {
			isa = PBXGroup;
			children = (
				949A22E72B90F7D6002B003C /* RouteUtils.swift */,
				9407327F2BA13D27007E3E2A /* Backend.swift */,
			);
			path = Utils;
			sourceTree = "<group>";
		};
		944667F72B8D39B900D84358 /* Main */ = {
			isa = PBXGroup;
			children = (
				9474FF592B8AC45D00C48C7A /* ContentView.swift */,
				94F7A2842B90052100FD6628 /* StartingPointSelect.swift */,
				94F7A2862B90052800FD6628 /* DestinationSelect.swift */,
				94F7A2802B9004AD00FD6628 /* RouteSteps.swift */,
				940732812BA1532A007E3E2A /* InstructionNavigator.swift */,
				94F4BBAE2BA67C5200B7A800 /* SettingsPage.swift */,
				9496B8AF2BA80D3E00FEBFC3 /* DeveloperSettingsPage.swift */,
			);
			path = Main;
			sourceTree = "<group>";
		};
		944667F82B8D39BC00D84358 /* Component */ = {
			isa = PBXGroup;
			children = (
				94F7A27E2B8FDF0100FD6628 /* InstructionFileView.swift */,
				949F52742B8D398600158803 /* MenuBuildingCard.swift */,
				946AE4662B96FED700121A47 /* PreviewBuildingCard.swift */,
				94F499892BA12BFD007ED348 /* RouteGoButton.swift */,
			);
			path = Component;
			sourceTree = "<group>";
		};
		9474FF4B2B8AC45D00C48C7A = {
			isa = PBXGroup;
			children = (
				9474FF562B8AC45D00C48C7A /* gophermaps-ios */,
				949A22EE2B90FBC9002B003C /* gophermaps-iosTests */,
				9474FF552B8AC45D00C48C7A /* Products */,
			);
			sourceTree = "<group>";
		};
		9474FF552B8AC45D00C48C7A /* Products */ = {
			isa = PBXGroup;
			children = (
				9474FF542B8AC45D00C48C7A /* gophermaps-ios.app */,
				949A22ED2B90FBC9002B003C /* gophermaps-iosTests.xctest */,
			);
			name = Products;
			sourceTree = "<group>";
		};
		9474FF562B8AC45D00C48C7A /* gophermaps-ios */ = {
			isa = PBXGroup;
			children = (
				94DBB81C2BA8E80500F7AA6B /* Info.plist */,
				949F52762B8D399800158803 /* Views */,
				9411AD562B906268006E7FB4 /* Utils */,
				94812A7F2B8E57F70076C3F9 /* Models */,
				9474FF572B8AC45D00C48C7A /* gophermaps_iosApp.swift */,
				9474FF5B2B8AC45F00C48C7A /* Assets.xcassets */,
				9474FF5D2B8AC45F00C48C7A /* Preview Content */,
			);
			path = "gophermaps-ios";
			sourceTree = "<group>";
		};
		9474FF5D2B8AC45F00C48C7A /* Preview Content */ = {
			isa = PBXGroup;
			children = (
				9474FF5E2B8AC45F00C48C7A /* Preview Assets.xcassets */,
				94812A822B8E5A220076C3F9 /* PreviewBuildingList.swift */,
				948BF0C82B915DC100A76429 /* PreviewNavRoute.swift */,
				94812A8E2B8FA5E30076C3F9 /* test-instructions-1.png */,
				94812A8F2B8FA5E30076C3F9 /* test-instructions-2.png */,
				94812A902B8FA5E30076C3F9 /* test-instructions.md */,
				947FBFC32BA22175009D23DE /* tb1a-tb2a.md */,
				947FBFC42BA221E5009D23DE /* tb2a-tb3a.md */,
			);
			path = "Preview Content";
			sourceTree = "<group>";
		};
		94812A7F2B8E57F70076C3F9 /* Models */ = {
			isa = PBXGroup;
			children = (
				94812A802B8E58920076C3F9 /* BuildingEntry.swift */,
				949A22E12B90ECCE002B003C /* GraphNode.swift */,
				94D8B61B2BAC898100915F95 /* PathStepProtocol.swift */,
			);
			path = Models;
			sourceTree = "<group>";
		};
		949A22EE2B90FBC9002B003C /* gophermaps-iosTests */ = {
			isa = PBXGroup;
			children = (
				949A22EF2B90FBC9002B003C /* gophermaps_iosTests.swift */,
			);
			path = "gophermaps-iosTests";
			sourceTree = "<group>";
		};
		949F52762B8D399800158803 /* Views */ = {
			isa = PBXGroup;
			children = (
				944667F72B8D39B900D84358 /* Main */,
				944667F82B8D39BC00D84358 /* Component */,
			);
			path = Views;
			sourceTree = "<group>";
		};
/* End PBXGroup section */

/* Begin PBXNativeTarget section */
		9474FF532B8AC45D00C48C7A /* gophermaps-ios */ = {
			isa = PBXNativeTarget;
			buildConfigurationList = 9474FF622B8AC45F00C48C7A /* Build configuration list for PBXNativeTarget "gophermaps-ios" */;
			buildPhases = (
				9474FF502B8AC45D00C48C7A /* Sources */,
				9474FF512B8AC45D00C48C7A /* Frameworks */,
				9474FF522B8AC45D00C48C7A /* Resources */,
			);
			buildRules = (
			);
			dependencies = (
			);
			name = "gophermaps-ios";
			packageProductDependencies = (
				94812A952B8FA75B0076C3F9 /* MarkdownUI */,
			);
			productName = "gophermaps-ios";
			productReference = 9474FF542B8AC45D00C48C7A /* gophermaps-ios.app */;
			productType = "com.apple.product-type.application";
		};
		949A22EC2B90FBC9002B003C /* gophermaps-iosTests */ = {
			isa = PBXNativeTarget;
			buildConfigurationList = 949A22F32B90FBC9002B003C /* Build configuration list for PBXNativeTarget "gophermaps-iosTests" */;
			buildPhases = (
				949A22E92B90FBC9002B003C /* Sources */,
				949A22EA2B90FBC9002B003C /* Frameworks */,
				949A22EB2B90FBC9002B003C /* Resources */,
			);
			buildRules = (
			);
			dependencies = (
				949A22F22B90FBC9002B003C /* PBXTargetDependency */,
			);
			name = "gophermaps-iosTests";
			productName = "gophermaps-iosTests";
			productReference = 949A22ED2B90FBC9002B003C /* gophermaps-iosTests.xctest */;
			productType = "com.apple.product-type.bundle.unit-test";
		};
/* End PBXNativeTarget section */

/* Begin PBXProject section */
		9474FF4C2B8AC45D00C48C7A /* Project object */ = {
			isa = PBXProject;
			attributes = {
				BuildIndependentTargetsInParallel = 1;
				LastSwiftUpdateCheck = 1520;
				LastUpgradeCheck = 1520;
				TargetAttributes = {
					9474FF532B8AC45D00C48C7A = {
						CreatedOnToolsVersion = 15.2;
					};
					949A22EC2B90FBC9002B003C = {
						CreatedOnToolsVersion = 15.2;
						TestTargetID = 9474FF532B8AC45D00C48C7A;
					};
				};
			};
			buildConfigurationList = 9474FF4F2B8AC45D00C48C7A /* Build configuration list for PBXProject "gophermaps-ios" */;
			compatibilityVersion = "Xcode 14.0";
			developmentRegion = en;
			hasScannedForEncodings = 0;
			knownRegions = (
				en,
				Base,
			);
			mainGroup = 9474FF4B2B8AC45D00C48C7A;
			packageReferences = (
				94812A942B8FA75B0076C3F9 /* XCRemoteSwiftPackageReference "swift-markdown-ui" */,
			);
			productRefGroup = 9474FF552B8AC45D00C48C7A /* Products */;
			projectDirPath = "";
			projectRoot = "";
			targets = (
				9474FF532B8AC45D00C48C7A /* gophermaps-ios */,
				949A22EC2B90FBC9002B003C /* gophermaps-iosTests */,
			);
		};
/* End PBXProject section */

/* Begin PBXResourcesBuildPhase section */
		9474FF522B8AC45D00C48C7A /* Resources */ = {
			isa = PBXResourcesBuildPhase;
			buildActionMask = 2147483647;
			files = (
				9474FF5F2B8AC45F00C48C7A /* Preview Assets.xcassets in Resources */,
				947FBFC62BA22711009D23DE /* tb2a-tb3a.md in Resources */,
				9474FF5C2B8AC45F00C48C7A /* Assets.xcassets in Resources */,
				94812A912B8FA5E30076C3F9 /* test-instructions-1.png in Resources */,
				947FBFC52BA2270F009D23DE /* tb1a-tb2a.md in Resources */,
				94812A922B8FA5E30076C3F9 /* test-instructions-2.png in Resources */,
				94812A932B8FA5E30076C3F9 /* test-instructions.md in Resources */,
			);
			runOnlyForDeploymentPostprocessing = 0;
		};
		949A22EB2B90FBC9002B003C /* Resources */ = {
			isa = PBXResourcesBuildPhase;
			buildActionMask = 2147483647;
			files = (
			);
			runOnlyForDeploymentPostprocessing = 0;
		};
/* End PBXResourcesBuildPhase section */

/* Begin PBXSourcesBuildPhase section */
		9474FF502B8AC45D00C48C7A /* Sources */ = {
			isa = PBXSourcesBuildPhase;
			buildActionMask = 2147483647;
			files = (
				949A22E22B90ECCE002B003C /* GraphNode.swift in Sources */,
				9474FF5A2B8AC45D00C48C7A /* ContentView.swift in Sources */,
				9496B8B02BA80D3E00FEBFC3 /* DeveloperSettingsPage.swift in Sources */,
				940732822BA1532A007E3E2A /* InstructionNavigator.swift in Sources */,
				948BF0C92B915DC100A76429 /* PreviewNavRoute.swift in Sources */,
				94F7A27F2B8FDF0100FD6628 /* InstructionFileView.swift in Sources */,
				9474FF582B8AC45D00C48C7A /* gophermaps_iosApp.swift in Sources */,
				946AE4672B96FED700121A47 /* PreviewBuildingCard.swift in Sources */,
				94F7A2852B90052100FD6628 /* StartingPointSelect.swift in Sources */,
				940732802BA13D27007E3E2A /* Backend.swift in Sources */,
				94812A812B8E58920076C3F9 /* BuildingEntry.swift in Sources */,
				949A22E82B90F7D6002B003C /* RouteUtils.swift in Sources */,
				94F7A2812B9004AD00FD6628 /* RouteSteps.swift in Sources */,
				94D8B61C2BAC898100915F95 /* PathStepProtocol.swift in Sources */,
				949F52752B8D398600158803 /* MenuBuildingCard.swift in Sources */,
				94F4998A2BA12BFD007ED348 /* RouteGoButton.swift in Sources */,
				94812A832B8E5A220076C3F9 /* PreviewBuildingList.swift in Sources */,
				94F4BBAF2BA67C5200B7A800 /* SettingsPage.swift in Sources */,
				94F7A2872B90052800FD6628 /* DestinationSelect.swift in Sources */,
			);
			runOnlyForDeploymentPostprocessing = 0;
		};
		949A22E92B90FBC9002B003C /* Sources */ = {
			isa = PBXSourcesBuildPhase;
			buildActionMask = 2147483647;
			files = (
				949A22F02B90FBC9002B003C /* gophermaps_iosTests.swift in Sources */,
			);
			runOnlyForDeploymentPostprocessing = 0;
		};
/* End PBXSourcesBuildPhase section */

/* Begin PBXTargetDependency section */
		949A22F22B90FBC9002B003C /* PBXTargetDependency */ = {
			isa = PBXTargetDependency;
			target = 9474FF532B8AC45D00C48C7A /* gophermaps-ios */;
			targetProxy = 949A22F12B90FBC9002B003C /* PBXContainerItemProxy */;
		};
/* End PBXTargetDependency section */

/* Begin XCBuildConfiguration section */
		9474FF602B8AC45F00C48C7A /* Debug */ = {
			isa = XCBuildConfiguration;
			buildSettings = {
				ALWAYS_SEARCH_USER_PATHS = NO;
				ASSETCATALOG_COMPILER_GENERATE_SWIFT_ASSET_SYMBOL_EXTENSIONS = YES;
				CLANG_ANALYZER_NONNULL = YES;
				CLANG_ANALYZER_NUMBER_OBJECT_CONVERSION = YES_AGGRESSIVE;
				CLANG_CXX_LANGUAGE_STANDARD = "gnu++20";
				CLANG_ENABLE_MODULES = YES;
				CLANG_ENABLE_OBJC_ARC = YES;
				CLANG_ENABLE_OBJC_WEAK = YES;
				CLANG_WARN_BLOCK_CAPTURE_AUTORELEASING = YES;
				CLANG_WARN_BOOL_CONVERSION = YES;
				CLANG_WARN_COMMA = YES;
				CLANG_WARN_CONSTANT_CONVERSION = YES;
				CLANG_WARN_DEPRECATED_OBJC_IMPLEMENTATIONS = YES;
				CLANG_WARN_DIRECT_OBJC_ISA_USAGE = YES_ERROR;
				CLANG_WARN_DOCUMENTATION_COMMENTS = YES;
				CLANG_WARN_EMPTY_BODY = YES;
				CLANG_WARN_ENUM_CONVERSION = YES;
				CLANG_WARN_INFINITE_RECURSION = YES;
				CLANG_WARN_INT_CONVERSION = YES;
				CLANG_WARN_NON_LITERAL_NULL_CONVERSION = YES;
				CLANG_WARN_OBJC_IMPLICIT_RETAIN_SELF = YES;
				CLANG_WARN_OBJC_LITERAL_CONVERSION = YES;
				CLANG_WARN_OBJC_ROOT_CLASS = YES_ERROR;
				CLANG_WARN_QUOTED_INCLUDE_IN_FRAMEWORK_HEADER = YES;
				CLANG_WARN_RANGE_LOOP_ANALYSIS = YES;
				CLANG_WARN_STRICT_PROTOTYPES = YES;
				CLANG_WARN_SUSPICIOUS_MOVE = YES;
				CLANG_WARN_UNGUARDED_AVAILABILITY = YES_AGGRESSIVE;
				CLANG_WARN_UNREACHABLE_CODE = YES;
				CLANG_WARN__DUPLICATE_METHOD_MATCH = YES;
				COPY_PHASE_STRIP = NO;
				DEBUG_INFORMATION_FORMAT = dwarf;
				ENABLE_STRICT_OBJC_MSGSEND = YES;
				ENABLE_TESTABILITY = YES;
				ENABLE_USER_SCRIPT_SANDBOXING = YES;
				GCC_C_LANGUAGE_STANDARD = gnu17;
				GCC_DYNAMIC_NO_PIC = NO;
				GCC_NO_COMMON_BLOCKS = YES;
				GCC_OPTIMIZATION_LEVEL = 0;
				GCC_PREPROCESSOR_DEFINITIONS = (
					"DEBUG=1",
					"$(inherited)",
				);
				GCC_WARN_64_TO_32_BIT_CONVERSION = YES;
				GCC_WARN_ABOUT_RETURN_TYPE = YES_ERROR;
				GCC_WARN_UNDECLARED_SELECTOR = YES;
				GCC_WARN_UNINITIALIZED_AUTOS = YES_AGGRESSIVE;
				GCC_WARN_UNUSED_FUNCTION = YES;
				GCC_WARN_UNUSED_VARIABLE = YES;
				IPHONEOS_DEPLOYMENT_TARGET = 17.2;
				LOCALIZATION_PREFERS_STRING_CATALOGS = YES;
				MTL_ENABLE_DEBUG_INFO = INCLUDE_SOURCE;
				MTL_FAST_MATH = YES;
				ONLY_ACTIVE_ARCH = YES;
				SDKROOT = iphoneos;
				SWIFT_ACTIVE_COMPILATION_CONDITIONS = "DEBUG $(inherited)";
				SWIFT_OPTIMIZATION_LEVEL = "-Onone";
			};
			name = Debug;
		};
		9474FF612B8AC45F00C48C7A /* Release */ = {
			isa = XCBuildConfiguration;
			buildSettings = {
				ALWAYS_SEARCH_USER_PATHS = NO;
				ASSETCATALOG_COMPILER_GENERATE_SWIFT_ASSET_SYMBOL_EXTENSIONS = YES;
				CLANG_ANALYZER_NONNULL = YES;
				CLANG_ANALYZER_NUMBER_OBJECT_CONVERSION = YES_AGGRESSIVE;
				CLANG_CXX_LANGUAGE_STANDARD = "gnu++20";
				CLANG_ENABLE_MODULES = YES;
				CLANG_ENABLE_OBJC_ARC = YES;
				CLANG_ENABLE_OBJC_WEAK = YES;
				CLANG_WARN_BLOCK_CAPTURE_AUTORELEASING = YES;
				CLANG_WARN_BOOL_CONVERSION = YES;
				CLANG_WARN_COMMA = YES;
				CLANG_WARN_CONSTANT_CONVERSION = YES;
				CLANG_WARN_DEPRECATED_OBJC_IMPLEMENTATIONS = YES;
				CLANG_WARN_DIRECT_OBJC_ISA_USAGE = YES_ERROR;
				CLANG_WARN_DOCUMENTATION_COMMENTS = YES;
				CLANG_WARN_EMPTY_BODY = YES;
				CLANG_WARN_ENUM_CONVERSION = YES;
				CLANG_WARN_INFINITE_RECURSION = YES;
				CLANG_WARN_INT_CONVERSION = YES;
				CLANG_WARN_NON_LITERAL_NULL_CONVERSION = YES;
				CLANG_WARN_OBJC_IMPLICIT_RETAIN_SELF = YES;
				CLANG_WARN_OBJC_LITERAL_CONVERSION = YES;
				CLANG_WARN_OBJC_ROOT_CLASS = YES_ERROR;
				CLANG_WARN_QUOTED_INCLUDE_IN_FRAMEWORK_HEADER = YES;
				CLANG_WARN_RANGE_LOOP_ANALYSIS = YES;
				CLANG_WARN_STRICT_PROTOTYPES = YES;
				CLANG_WARN_SUSPICIOUS_MOVE = YES;
				CLANG_WARN_UNGUARDED_AVAILABILITY = YES_AGGRESSIVE;
				CLANG_WARN_UNREACHABLE_CODE = YES;
				CLANG_WARN__DUPLICATE_METHOD_MATCH = YES;
				COPY_PHASE_STRIP = NO;
				DEBUG_INFORMATION_FORMAT = "dwarf-with-dsym";
				ENABLE_NS_ASSERTIONS = NO;
				ENABLE_STRICT_OBJC_MSGSEND = YES;
				ENABLE_USER_SCRIPT_SANDBOXING = YES;
				GCC_C_LANGUAGE_STANDARD = gnu17;
				GCC_NO_COMMON_BLOCKS = YES;
				GCC_WARN_64_TO_32_BIT_CONVERSION = YES;
				GCC_WARN_ABOUT_RETURN_TYPE = YES_ERROR;
				GCC_WARN_UNDECLARED_SELECTOR = YES;
				GCC_WARN_UNINITIALIZED_AUTOS = YES_AGGRESSIVE;
				GCC_WARN_UNUSED_FUNCTION = YES;
				GCC_WARN_UNUSED_VARIABLE = YES;
				IPHONEOS_DEPLOYMENT_TARGET = 17.2;
				LOCALIZATION_PREFERS_STRING_CATALOGS = YES;
				MTL_ENABLE_DEBUG_INFO = NO;
				MTL_FAST_MATH = YES;
				SDKROOT = iphoneos;
				SWIFT_COMPILATION_MODE = wholemodule;
				VALIDATE_PRODUCT = YES;
			};
			name = Release;
		};
		9474FF632B8AC45F00C48C7A /* Debug */ = {
			isa = XCBuildConfiguration;
			buildSettings = {
				ASSETCATALOG_COMPILER_APPICON_NAME = AppIcon;
				ASSETCATALOG_COMPILER_GLOBAL_ACCENT_COLOR_NAME = AccentColor;
				CODE_SIGN_STYLE = Automatic;
				CURRENT_PROJECT_VERSION = 1;
				DEVELOPMENT_ASSET_PATHS = "\"gophermaps-ios/Preview Content\"";
				DEVELOPMENT_TEAM = GMBKLQ776M;
				ENABLE_PREVIEWS = YES;
				GENERATE_INFOPLIST_FILE = YES;
				INFOPLIST_FILE = "gophermaps-ios/Info.plist";
				INFOPLIST_KEY_CFBundleDisplayName = GopherMaps;
				INFOPLIST_KEY_LSApplicationCategoryType = "public.app-category.navigation";
				INFOPLIST_KEY_UIApplicationSceneManifest_Generation = YES;
				INFOPLIST_KEY_UIApplicationSupportsIndirectInputEvents = YES;
				INFOPLIST_KEY_UILaunchScreen_Generation = YES;
				INFOPLIST_KEY_UIStatusBarHidden = YES;
				INFOPLIST_KEY_UIStatusBarStyle = "";
				INFOPLIST_KEY_UISupportedInterfaceOrientations = UIInterfaceOrientationPortrait;
				INFOPLIST_KEY_UISupportedInterfaceOrientations_iPad = "UIInterfaceOrientationLandscapeLeft UIInterfaceOrientationLandscapeRight UIInterfaceOrientationPortrait UIInterfaceOrientationPortraitUpsideDown";
				LD_RUNPATH_SEARCH_PATHS = (
					"$(inherited)",
					"@executable_path/Frameworks",
				);
				MARKETING_VERSION = 1.0;
				PRODUCT_BUNDLE_IDENTIFIER = "social-coding.gophermaps-ios";
				PRODUCT_NAME = "$(TARGET_NAME)";
				SUPPORTED_PLATFORMS = "iphoneos iphonesimulator";
				SUPPORTS_MACCATALYST = NO;
				SUPPORTS_MAC_DESIGNED_FOR_IPHONE_IPAD = NO;
				SUPPORTS_XR_DESIGNED_FOR_IPHONE_IPAD = NO;
				SWIFT_EMIT_LOC_STRINGS = YES;
				SWIFT_VERSION = 5.0;
				TARGETED_DEVICE_FAMILY = 1;
			};
			name = Debug;
		};
		9474FF642B8AC45F00C48C7A /* Release */ = {
			isa = XCBuildConfiguration;
			buildSettings = {
				ASSETCATALOG_COMPILER_APPICON_NAME = AppIcon;
				ASSETCATALOG_COMPILER_GLOBAL_ACCENT_COLOR_NAME = AccentColor;
				CODE_SIGN_STYLE = Automatic;
				CURRENT_PROJECT_VERSION = 1;
				DEVELOPMENT_ASSET_PATHS = "\"gophermaps-ios/Preview Content\"";
				DEVELOPMENT_TEAM = GMBKLQ776M;
				ENABLE_PREVIEWS = YES;
				GENERATE_INFOPLIST_FILE = YES;
				INFOPLIST_FILE = "gophermaps-ios/Info.plist";
				INFOPLIST_KEY_CFBundleDisplayName = GopherMaps;
				INFOPLIST_KEY_LSApplicationCategoryType = "public.app-category.navigation";
				INFOPLIST_KEY_UIApplicationSceneManifest_Generation = YES;
				INFOPLIST_KEY_UIApplicationSupportsIndirectInputEvents = YES;
				INFOPLIST_KEY_UILaunchScreen_Generation = YES;
				INFOPLIST_KEY_UIStatusBarHidden = YES;
				INFOPLIST_KEY_UIStatusBarStyle = "";
				INFOPLIST_KEY_UISupportedInterfaceOrientations = UIInterfaceOrientationPortrait;
				INFOPLIST_KEY_UISupportedInterfaceOrientations_iPad = "UIInterfaceOrientationLandscapeLeft UIInterfaceOrientationLandscapeRight UIInterfaceOrientationPortrait UIInterfaceOrientationPortraitUpsideDown";
				LD_RUNPATH_SEARCH_PATHS = (
					"$(inherited)",
					"@executable_path/Frameworks",
				);
				MARKETING_VERSION = 1.0;
				PRODUCT_BUNDLE_IDENTIFIER = "social-coding.gophermaps-ios";
				PRODUCT_NAME = "$(TARGET_NAME)";
				SUPPORTED_PLATFORMS = "iphoneos iphonesimulator";
				SUPPORTS_MACCATALYST = NO;
				SUPPORTS_MAC_DESIGNED_FOR_IPHONE_IPAD = NO;
				SUPPORTS_XR_DESIGNED_FOR_IPHONE_IPAD = NO;
				SWIFT_EMIT_LOC_STRINGS = YES;
				SWIFT_VERSION = 5.0;
				TARGETED_DEVICE_FAMILY = 1;
			};
			name = Release;
		};
		949A22F42B90FBC9002B003C /* Debug */ = {
			isa = XCBuildConfiguration;
			buildSettings = {
				BUNDLE_LOADER = "$(TEST_HOST)";
				CODE_SIGN_STYLE = Automatic;
				CURRENT_PROJECT_VERSION = 1;
				DEVELOPMENT_TEAM = GMBKLQ776M;
				GENERATE_INFOPLIST_FILE = YES;
				MARKETING_VERSION = 1.0;
				PRODUCT_BUNDLE_IDENTIFIER = "ryan-roche.gophermaps-iosTests";
				PRODUCT_NAME = "$(TARGET_NAME)";
				SWIFT_EMIT_LOC_STRINGS = NO;
				SWIFT_VERSION = 5.0;
				TARGETED_DEVICE_FAMILY = "1,2";
				TEST_HOST = "$(BUILT_PRODUCTS_DIR)/gophermaps-ios.app/$(BUNDLE_EXECUTABLE_FOLDER_PATH)/gophermaps-ios";
			};
			name = Debug;
		};
		949A22F52B90FBC9002B003C /* Release */ = {
			isa = XCBuildConfiguration;
			buildSettings = {
				BUNDLE_LOADER = "$(TEST_HOST)";
				CODE_SIGN_STYLE = Automatic;
				CURRENT_PROJECT_VERSION = 1;
				DEVELOPMENT_TEAM = GMBKLQ776M;
				GENERATE_INFOPLIST_FILE = YES;
				MARKETING_VERSION = 1.0;
				PRODUCT_BUNDLE_IDENTIFIER = "ryan-roche.gophermaps-iosTests";
				PRODUCT_NAME = "$(TARGET_NAME)";
				SWIFT_EMIT_LOC_STRINGS = NO;
				SWIFT_VERSION = 5.0;
				TARGETED_DEVICE_FAMILY = "1,2";
				TEST_HOST = "$(BUILT_PRODUCTS_DIR)/gophermaps-ios.app/$(BUNDLE_EXECUTABLE_FOLDER_PATH)/gophermaps-ios";
			};
			name = Release;
		};
/* End XCBuildConfiguration section */

/* Begin XCConfigurationList section */
		9474FF4F2B8AC45D00C48C7A /* Build configuration list for PBXProject "gophermaps-ios" */ = {
			isa = XCConfigurationList;
			buildConfigurations = (
				9474FF602B8AC45F00C48C7A /* Debug */,
				9474FF612B8AC45F00C48C7A /* Release */,
			);
			defaultConfigurationIsVisible = 0;
			defaultConfigurationName = Release;
		};
		9474FF622B8AC45F00C48C7A /* Build configuration list for PBXNativeTarget "gophermaps-ios" */ = {
			isa = XCConfigurationList;
			buildConfigurations = (
				9474FF632B8AC45F00C48C7A /* Debug */,
				9474FF642B8AC45F00C48C7A /* Release */,
			);
			defaultConfigurationIsVisible = 0;
			defaultConfigurationName = Release;
		};
		949A22F32B90FBC9002B003C /* Build configuration list for PBXNativeTarget "gophermaps-iosTests" */ = {
			isa = XCConfigurationList;
			buildConfigurations = (
				949A22F42B90FBC9002B003C /* Debug */,
				949A22F52B90FBC9002B003C /* Release */,
			);
			defaultConfigurationIsVisible = 0;
			defaultConfigurationName = Release;
		};
/* End XCConfigurationList section */

/* Begin XCRemoteSwiftPackageReference section */
		94812A942B8FA75B0076C3F9 /* XCRemoteSwiftPackageReference "swift-markdown-ui" */ = {
			isa = XCRemoteSwiftPackageReference;
			repositoryURL = "https://github.com/gonzalezreal/swift-markdown-ui";
			requirement = {
				kind = upToNextMajorVersion;
				minimumVersion = 2.3.0;
			};
		};
/* End XCRemoteSwiftPackageReference section */

/* Begin XCSwiftPackageProductDependency section */
		94812A952B8FA75B0076C3F9 /* MarkdownUI */ = {
			isa = XCSwiftPackageProductDependency;
			package = 94812A942B8FA75B0076C3F9 /* XCRemoteSwiftPackageReference "swift-markdown-ui" */;
			productName = MarkdownUI;
		};
/* End XCSwiftPackageProductDependency section */
	};
	rootObject = 9474FF4C2B8AC45D00C48C7A /* Project object */;
}
